
Microsoft Visual Studio Solution File, Format Version 12.00
# Visual Studio Version 17
VisualStudioVersion = 17.3.32825.248
MinimumVisualStudioVersion = 10.0.40219.1
Project("{FAE04EC0-301F-11D3-BF4B-00C04F79EFBC}") = "VR_Lab3", "VR_Lab3\VR_Lab3.csproj", "{84F8BAF1-BA89-45D0-8AAC-6B1075C42DE2}"
EndProject
Global
	GlobalSection(SolutionConfigurationPlatforms) = preSolution
		Debug|Any CPU = Debug|Any CPU
		Release|Any CPU = Release|Any CPU
	EndGlobalSection
	GlobalSection(ProjectConfigurationPlatforms) = postSolution
		{84F8BAF1-BA89-45D0-8AAC-6B1075C42DE2}.Debug|Any CPU.ActiveCfg = Debug|Any CPU
		{84F8BAF1-BA89-45D0-8AAC-6B1075C42DE2}.Debug|Any CPU.Build.0 = Debug|Any CPU
		{84F8BAF1-BA89-45D0-8AAC-6B1075C42DE2}.Release|Any CPU.ActiveCfg = Release|Any CPU
		{84F8BAF1-BA89-45D0-8AAC-6B1075C42DE2}.Release|Any CPU.Build.0 = Release|Any CPU
	EndGlobalSection
	GlobalSection(SolutionProperties) = preSolution
		HideSolutionNode = FALSE
	EndGlobalSection
	GlobalSection(ExtensibilityGlobals) = postSolution
		SolutionGuid = {F9C4D5D2-C6A7-4FDE-AF73-D315EC774B64}
	EndGlobalSection
EndGlobal
